// !$*UTF8*$!
{
	archiveVersion = 1;
	classes = {
	};
	objectVersion = 46;
	objects = {

/* Begin PBXBuildFile section */
		3486B1231CACAB1E0044343C /* main.m in Sources */ = {isa = PBXBuildFile; fileRef = 3486B1221CACAB1E0044343C /* main.m */; };
		3486B1261CACAB1E0044343C /* AppDelegate.m in Sources */ = {isa = PBXBuildFile; fileRef = 3486B1251CACAB1E0044343C /* AppDelegate.m */; };
		3486B1291CACAB1E0044343C /* ViewController.m in Sources */ = {isa = PBXBuildFile; fileRef = 3486B1281CACAB1E0044343C /* ViewController.m */; };
		3486B12C1CACAB1E0044343C /* Main.storyboard in Resources */ = {isa = PBXBuildFile; fileRef = 3486B12A1CACAB1E0044343C /* Main.storyboard */; };
		3486B12E1CACAB1E0044343C /* Assets.xcassets in Resources */ = {isa = PBXBuildFile; fileRef = 3486B12D1CACAB1E0044343C /* Assets.xcassets */; };
		3486B1311CACAB1E0044343C /* LaunchScreen.storyboard in Resources */ = {isa = PBXBuildFile; fileRef = 3486B12F1CACAB1E0044343C /* LaunchScreen.storyboard */; };
		3486B13C1CACAB1E0044343C /* PodTestTests.m in Sources */ = {isa = PBXBuildFile; fileRef = 3486B13B1CACAB1E0044343C /* PodTestTests.m */; };
		3486B1471CACAB1E0044343C /* PodTestUITests.m in Sources */ = {isa = PBXBuildFile; fileRef = 3486B1461CACAB1E0044343C /* PodTestUITests.m */; };
/* End PBXBuildFile section */

/* Begin PBXContainerItemProxy section */
		3486B1381CACAB1E0044343C /* PBXContainerItemProxy */ = {
			isa = PBXContainerItemProxy;
			containerPortal = 3486B1161CACAB1E0044343C /* Project object */;
			proxyType = 1;
			remoteGlobalIDString = 3486B11D1CACAB1E0044343C;
			remoteInfo = PodTest;
		};
		3486B1431CACAB1E0044343C /* PBXContainerItemProxy */ = {
			isa = PBXContainerItemProxy;
			containerPortal = 3486B1161CACAB1E0044343C /* Project object */;
			proxyType = 1;
			remoteGlobalIDString = 3486B11D1CACAB1E0044343C;
			remoteInfo = PodTest;
		};
/* End PBXContainerItemProxy section */

/* Begin PBXFileReference section */
		3486B11E1CACAB1E0044343C /* PodTest.app */ = {isa = PBXFileReference; explicitFileType = wrapper.application; includeInIndex = 0; path = PodTest.app; sourceTree = BUILT_PRODUCTS_DIR; };
		3486B1221CACAB1E0044343C /* main.m */ = {isa = PBXFileReference; lastKnownFileType = sourcecode.c.objc; path = main.m; sourceTree = "<group>"; };
		3486B1241CACAB1E0044343C /* AppDelegate.h */ = {isa = PBXFileReference; lastKnownFileType = sourcecode.c.h; path = AppDelegate.h; sourceTree = "<group>"; };
		3486B1251CACAB1E0044343C /* AppDelegate.m */ = {isa = PBXFileReference; lastKnownFileType = sourcecode.c.objc; path = AppDelegate.m; sourceTree = "<group>"; };
		3486B1271CACAB1E0044343C /* ViewController.h */ = {isa = PBXFileReference; lastKnownFileType = sourcecode.c.h; path = ViewController.h; sourceTree = "<group>"; };
		3486B1281CACAB1E0044343C /* ViewController.m */ = {isa = PBXFileReference; lastKnownFileType = sourcecode.c.objc; path = ViewController.m; sourceTree = "<group>"; };
		3486B12B1CACAB1E0044343C /* Base */ = {isa = PBXFileReference; lastKnownFileType = file.storyboard; name = Base; path = Base.lproj/Main.storyboard; sourceTree = "<group>"; };
		3486B12D1CACAB1E0044343C /* Assets.xcassets */ = {isa = PBXFileReference; lastKnownFileType = folder.assetcatalog; path = Assets.xcassets; sourceTree = "<group>"; };
		3486B1301CACAB1E0044343C /* Base */ = {isa = PBXFileReference; lastKnownFileType = file.storyboard; name = Base; path = Base.lproj/LaunchScreen.storyboard; sourceTree = "<group>"; };
		3486B1321CACAB1E0044343C /* Info.plist */ = {isa = PBXFileReference; lastKnownFileType = text.plist.xml; path = Info.plist; sourceTree = "<group>"; };
		3486B1371CACAB1E0044343C /* PodTestTests.xctest */ = {isa = PBXFileReference; explicitFileType = wrapper.cfbundle; includeInIndex = 0; path = PodTestTests.xctest; sourceTree = BUILT_PRODUCTS_DIR; };
		3486B13B1CACAB1E0044343C /* PodTestTests.m */ = {isa = PBXFileReference; lastKnownFileType = sourcecode.c.objc; path = PodTestTests.m; sourceTree = "<group>"; };
		3486B13D1CACAB1E0044343C /* Info.plist */ = {isa = PBXFileReference; lastKnownFileType = text.plist.xml; path = Info.plist; sourceTree = "<group>"; };
		3486B1421CACAB1E0044343C /* PodTestUITests.xctest */ = {isa = PBXFileReference; explicitFileType = wrapper.cfbundle; includeInIndex = 0; path = PodTestUITests.xctest; sourceTree = BUILT_PRODUCTS_DIR; };
		3486B1461CACAB1E0044343C /* PodTestUITests.m */ = {isa = PBXFileReference; lastKnownFileType = sourcecode.c.objc; path = PodTestUITests.m; sourceTree = "<group>"; };
		3486B1481CACAB1E0044343C /* Info.plist */ = {isa = PBXFileReference; lastKnownFileType = text.plist.xml; path = Info.plist; sourceTree = "<group>"; };
/* End PBXFileReference section */

/* Begin PBXFrameworksBuildPhase section */
		3486B11B1CACAB1E0044343C /* Frameworks */ = {
			isa = PBXFrameworksBuildPhase;
			buildActionMask = 2147483647;
			files = (
			);
			runOnlyForDeploymentPostprocessing = 0;
		};
		3486B1341CACAB1E0044343C /* Frameworks */ = {
			isa = PBXFrameworksBuildPhase;
			buildActionMask = 2147483647;
			files = (
			);
			runOnlyForDeploymentPostprocessing = 0;
		};
		3486B13F1CACAB1E0044343C /* Frameworks */ = {
			isa = PBXFrameworksBuildPhase;
			buildActionMask = 2147483647;
			files = (
			);
			runOnlyForDeploymentPostprocessing = 0;
		};
/* End PBXFrameworksBuildPhase section */

/* Begin PBXGroup section */
		3486B1151CACAB1E0044343C = {
			isa = PBXGroup;
			children = (
				3486B1201CACAB1E0044343C /* PodTest */,
				3486B13A1CACAB1E0044343C /* PodTestTests */,
				3486B1451CACAB1E0044343C /* PodTestUITests */,
				3486B11F1CACAB1E0044343C /* Products */,
			);
			sourceTree = "<group>";
		};
		3486B11F1CACAB1E0044343C /* Products */ = {
			isa = PBXGroup;
			children = (
				3486B11E1CACAB1E0044343C /* PodTest.app */,
				3486B1371CACAB1E0044343C /* PodTestTests.xctest */,
				3486B1421CACAB1E0044343C /* PodTestUITests.xctest */,
			);
			name = Products;
			sourceTree = "<group>";
		};
		3486B1201CACAB1E0044343C /* PodTest */ = {
			isa = PBXGroup;
			children = (
				3486B1241CACAB1E0044343C /* AppDelegate.h */,
				3486B1251CACAB1E0044343C /* AppDelegate.m */,
				3486B1271CACAB1E0044343C /* ViewController.h */,
				3486B1281CACAB1E0044343C /* ViewController.m */,
				3486B12A1CACAB1E0044343C /* Main.storyboard */,
				3486B12D1CACAB1E0044343C /* Assets.xcassets */,
				3486B12F1CACAB1E0044343C /* LaunchScreen.storyboard */,
				3486B1321CACAB1E0044343C /* Info.plist */,
				3486B1211CACAB1E0044343C /* Supporting Files */,
			);
			path = PodTest;
			sourceTree = "<group>";
		};
		3486B1211CACAB1E0044343C /* Supporting Files */ = {
			isa = PBXGroup;
			children = (
				3486B1221CACAB1E0044343C /* main.m */,
			);
			name = "Supporting Files";
			sourceTree = "<group>";
		};
		3486B13A1CACAB1E0044343C /* PodTestTests */ = {
			isa = PBXGroup;
			children = (
				3486B13B1CACAB1E0044343C /* PodTestTests.m */,
				3486B13D1CACAB1E0044343C /* Info.plist */,
			);
			path = PodTestTests;
			sourceTree = "<group>";
		};
		3486B1451CACAB1E0044343C /* PodTestUITests */ = {
			isa = PBXGroup;
			children = (
				3486B1461CACAB1E0044343C /* PodTestUITests.m */,
				3486B1481CACAB1E0044343C /* Info.plist */,
			);
			path = PodTestUITests;
			sourceTree = "<group>";
		};
/* End PBXGroup section */

/* Begin PBXNativeTarget section */
		3486B11D1CACAB1E0044343C /* PodTest */ = {
			isa = PBXNativeTarget;
			buildConfigurationList = 3486B14B1CACAB1E0044343C /* Build configuration list for PBXNativeTarget "PodTest" */;
			buildPhases = (
				3486B11A1CACAB1E0044343C /* Sources */,
				3486B11B1CACAB1E0044343C /* Frameworks */,
				3486B11C1CACAB1E0044343C /* Resources */,
			);
			buildRules = (
			);
			dependencies = (
			);
			name = PodTest;
			productName = PodTest;
			productReference = 3486B11E1CACAB1E0044343C /* PodTest.app */;
			productType = "com.apple.product-type.application";
		};
		3486B1361CACAB1E0044343C /* PodTestTests */ = {
			isa = PBXNativeTarget;
			buildConfigurationList = 3486B14E1CACAB1E0044343C /* Build configuration list for PBXNativeTarget "PodTestTests" */;
			buildPhases = (
				3486B1331CACAB1E0044343C /* Sources */,
				3486B1341CACAB1E0044343C /* Frameworks */,
				3486B1351CACAB1E0044343C /* Resources */,
			);
			buildRules = (
			);
			dependencies = (
				3486B1391CACAB1E0044343C /* PBXTargetDependency */,
			);
			name = PodTestTests;
			productName = PodTestTests;
			productReference = 3486B1371CACAB1E0044343C /* PodTestTests.xctest */;
			productType = "com.apple.product-type.bundle.unit-test";
		};
		3486B1411CACAB1E0044343C /* PodTestUITests */ = {
			isa = PBXNativeTarget;
			buildConfigurationList = 3486B1511CACAB1E0044343C /* Build configuration list for PBXNativeTarget "PodTestUITests" */;
			buildPhases = (
				3486B13E1CACAB1E0044343C /* Sources */,
				3486B13F1CACAB1E0044343C /* Frameworks */,
				3486B1401CACAB1E0044343C /* Resources */,
			);
			buildRules = (
			);
			dependencies = (
				3486B1441CACAB1E0044343C /* PBXTargetDependency */,
			);
			name = PodTestUITests;
			productName = PodTestUITests;
			productReference = 3486B1421CACAB1E0044343C /* PodTestUITests.xctest */;
			productType = "com.apple.product-type.bundle.ui-testing";
		};
/* End PBXNativeTarget section */

/* Begin PBXProject section */
		3486B1161CACAB1E0044343C /* Project object */ = {
			isa = PBXProject;
			attributes = {
				LastUpgradeCheck = 0730;
				ORGANIZATIONNAME = "杜甲";
				TargetAttributes = {
					3486B11D1CACAB1E0044343C = {
						CreatedOnToolsVersion = 7.3;
					};
					3486B1361CACAB1E0044343C = {
						CreatedOnToolsVersion = 7.3;
						TestTargetID = 3486B11D1CACAB1E0044343C;
					};
					3486B1411CACAB1E0044343C = {
						CreatedOnToolsVersion = 7.3;
						TestTargetID = 3486B11D1CACAB1E0044343C;
					};
				};
			};
			buildConfigurationList = 3486B1191CACAB1E0044343C /* Build configuration list for PBXProject "PodTest" */;
			compatibilityVersion = "Xcode 3.2";
			developmentRegion = English;
			hasScannedForEncodings = 0;
			knownRegions = (
				en,
				Base,
			);
			mainGroup = 3486B1151CACAB1E0044343C;
			productRefGroup = 3486B11F1CACAB1E0044343C /* Products */;
			projectDirPath = "";
			projectRoot = "";
			targets = (
				3486B11D1CACAB1E0044343C /* PodTest */,
				3486B1361CACAB1E0044343C /* PodTestTests */,
				3486B1411CACAB1E0044343C /* PodTestUITests */,
			);
		};
/* End PBXProject section */

/* Begin PBXResourcesBuildPhase section */
		3486B11C1CACAB1E0044343C /* Resources */ = {
			isa = PBXResourcesBuildPhase;
			buildActionMask = 2147483647;
			files = (
				3486B1311CACAB1E0044343C /* LaunchScreen.storyboard in Resources */,
				3486B12E1CACAB1E0044343C /* Assets.xcassets in Resources */,
				3486B12C1CACAB1E0044343C /* Main.storyboard in Resources */,
			);
			runOnlyForDeploymentPostprocessing = 0;
		};
		3486B1351CACAB1E0044343C /* Resources */ = {
			isa = PBXResourcesBuildPhase;
			buildActionMask = 2147483647;
			files = (
			);
			runOnlyForDeploymentPostprocessing = 0;
		};
		3486B1401CACAB1E0044343C /* Resources */ = {
			isa = PBXResourcesBuildPhase;
			buildActionMask = 2147483647;
			files = (
			);
			runOnlyForDeploymentPostprocessing = 0;
		};
/* End PBXResourcesBuildPhase section */

/* Begin PBXSourcesBuildPhase section */
		3486B11A1CACAB1E0044343C /* Sources */ = {
			isa = PBXSourcesBuildPhase;
			buildActionMask = 2147483647;
			files = (
				3486B1291CACAB1E0044343C /* ViewController.m in Sources */,
				3486B1261CACAB1E0044343C /* AppDelegate.m in Sources */,
				3486B1231CACAB1E0044343C /* main.m in Sources */,
			);
			runOnlyForDeploymentPostprocessing = 0;
		};
		3486B1331CACAB1E0044343C /* Sources */ = {
			isa = PBXSourcesBuildPhase;
			buildActionMask = 2147483647;
			files = (
				3486B13C1CACAB1E0044343C /* PodTestTests.m in Sources */,
			);
			runOnlyForDeploymentPostprocessing = 0;
		};
		3486B13E1CACAB1E0044343C /* Sources */ = {
			isa = PBXSourcesBuildPhase;
			buildActionMask = 2147483647;
			files = (
				3486B1471CACAB1E0044343C /* PodTestUITests.m in Sources */,
			);
			runOnlyForDeploymentPostprocessing = 0;
		};
/* End PBXSourcesBuildPhase section */

/* Begin PBXTargetDependency section */
		3486B1391CACAB1E0044343C /* PBXTargetDependency */ = {
			isa = PBXTargetDependency;
			target = 3486B11D1CACAB1E0044343C /* PodTest */;
			targetProxy = 3486B1381CACAB1E0044343C /* PBXContainerItemProxy */;
		};
		3486B1441CACAB1E0044343C /* PBXTargetDependency */ = {
			isa = PBXTargetDependency;
			target = 3486B11D1CACAB1E0044343C /* PodTest */;
			targetProxy = 3486B1431CACAB1E0044343C /* PBXContainerItemProxy */;
		};
/* End PBXTargetDependency section */

/* Begin PBXVariantGroup section */
		3486B12A1CACAB1E0044343C /* Main.storyboard */ = {
			isa = PBXVariantGroup;
			children = (
				3486B12B1CACAB1E0044343C /* Base */,
			);
			name = Main.storyboard;
			sourceTree = "<group>";
		};
		3486B12F1CACAB1E0044343C /* LaunchScreen.storyboard */ = {
			isa = PBXVariantGroup;
			children = (
				3486B1301CACAB1E0044343C /* Base */,
			);
			name = LaunchScreen.storyboard;
			sourceTree = "<group>";
		};
/* End PBXVariantGroup section */

/* Begin XCBuildConfiguration section */
		3486B1491CACAB1E0044343C /* Debug */ = {
			isa = XCBuildConfiguration;
			buildSettings = {
				ALWAYS_SEARCH_USER_PATHS = NO;
				CLANG_ANALYZER_NONNULL = YES;
				CLANG_CXX_LANGUAGE_STANDARD = "gnu++0x";
				CLANG_CXX_LIBRARY = "libc++";
				CLANG_ENABLE_MODULES = YES;
				CLANG_ENABLE_OBJC_ARC = YES;
				CLANG_WARN_BOOL_CONVERSION = YES;
				CLANG_WARN_CONSTANT_CONVERSION = YES;
				CLANG_WARN_DIRECT_OBJC_ISA_USAGE = YES_ERROR;
				CLANG_WARN_EMPTY_BODY = YES;
				CLANG_WARN_ENUM_CONVERSION = YES;
				CLANG_WARN_INT_CONVERSION = YES;
				CLANG_WARN_OBJC_ROOT_CLASS = YES_ERROR;
				CLANG_WARN_UNREACHABLE_CODE = YES;
				CLANG_WARN__DUPLICATE_METHOD_MATCH = YES;
				"CODE_SIGN_IDENTITY[sdk=iphoneos*]" = "iPhone Developer";
				COPY_PHASE_STRIP = NO;
				DEBUG_INFORMATION_FORMAT = dwarf;
				ENABLE_STRICT_OBJC_MSGSEND = YES;
				ENABLE_TESTABILITY = YES;
				GCC_C_LANGUAGE_STANDARD = gnu99;
				GCC_DYNAMIC_NO_PIC = NO;
				GCC_NO_COMMON_BLOCKS = YES;
				GCC_OPTIMIZATION_LEVEL = 0;
				GCC_PREPROCESSOR_DEFINITIONS = (
					"DEBUG=1",
					"$(inherited)",
				);
				GCC_WARN_64_TO_32_BIT_CONVERSION = YES;
				GCC_WARN_ABOUT_RETURN_TYPE = YES_ERROR;
				GCC_WARN_UNDECLARED_SELECTOR = YES;
				GCC_WARN_UNINITIALIZED_AUTOS = YES_AGGRESSIVE;
				GCC_WARN_UNUSED_FUNCTION = YES;
				GCC_WARN_UNUSED_VARIABLE = YES;
				IPHONEOS_DEPLOYMENT_TARGET = 9.3;
				MTL_ENABLE_DEBUG_INFO = YES;
				ONLY_ACTIVE_ARCH = YES;
				SDKROOT = iphoneos;
				TARGETED_DEVICE_FAMILY = "1,2";
			};
			name = Debug;
		};
		3486B14A1CACAB1E0044343C /* Release */ = {
			isa = XCBuildConfiguration;
			buildSettings = {
				ALWAYS_SEARCH_USER_PATHS = NO;
				CLANG_ANALYZER_NONNULL = YES;
				CLANG_CXX_LANGUAGE_STANDARD = "gnu++0x";
				CLANG_CXX_LIBRARY = "libc++";
				CLANG_ENABLE_MODULES = YES;
				CLANG_ENABLE_OBJC_ARC = YES;
				CLANG_WARN_BOOL_CONVERSION = YES;
				CLANG_WARN_CONSTANT_CONVERSION = YES;
				CLANG_WARN_DIRECT_OBJC_ISA_USAGE = YES_ERROR;
				CLANG_WARN_EMPTY_BODY = YES;
				CLANG_WARN_ENUM_CONVERSION = YES;
				CLANG_WARN_INT_CONVERSION = YES;
				CLANG_WARN_OBJC_ROOT_CLASS = YES_ERROR;
				CLANG_WARN_UNREACHABLE_CODE = YES;
				CLANG_WARN__DUPLICATE_METHOD_MATCH = YES;
				"CODE_SIGN_IDENTITY[sdk=iphoneos*]" = "iPhone Developer";
				COPY_PHASE_STRIP = NO;
				DEBUG_INFORMATION_FORMAT = "dwarf-with-dsym";
				ENABLE_NS_ASSERTIONS = NO;
				ENABLE_STRICT_OBJC_MSGSEND = YES;
				GCC_C_LANGUAGE_STANDARD = gnu99;
				GCC_NO_COMMON_BLOCKS = YES;
				GCC_WARN_64_TO_32_BIT_CONVERSION = YES;
				GCC_WARN_ABOUT_RETURN_TYPE = YES_ERROR;
				GCC_WARN_UNDECLARED_SELECTOR = YES;
				GCC_WARN_UNINITIALIZED_AUTOS = YES_AGGRESSIVE;
				GCC_WARN_UNUSED_FUNCTION = YES;
				GCC_WARN_UNUSED_VARIABLE = YES;
				IPHONEOS_DEPLOYMENT_TARGET = 9.3;
				MTL_ENABLE_DEBUG_INFO = NO;
				SDKROOT = iphoneos;
				TARGETED_DEVICE_FAMILY = "1,2";
				VALIDATE_PRODUCT = YES;
			};
			name = Release;
		};
		3486B14C1CACAB1E0044343C /* Debug */ = {
			isa = XCBuildConfiguration;
			buildSettings = {
				ASSETCATALOG_COMPILER_APPICON_NAME = AppIcon;
				INFOPLIST_FILE = PodTest/Info.plist;
				LD_RUNPATH_SEARCH_PATHS = "$(inherited) @executable_path/Frameworks";
				PRODUCT_BUNDLE_IDENTIFIER = com.lianjia.123.PodTest;
				PRODUCT_NAME = "$(TARGET_NAME)";
			};
			name = Debug;
		};
		3486B14D1CACAB1E0044343C /* Release */ = {
			isa = XCBuildConfiguration;
			buildSettings = {
				ASSETCATALOG_COMPILER_APPICON_NAME = AppIcon;
				INFOPLIST_FILE = PodTest/Info.plist;
				LD_RUNPATH_SEARCH_PATHS = "$(inherited) @executable_path/Frameworks";
				PRODUCT_BUNDLE_IDENTIFIER = com.lianjia.123.PodTest;
				PRODUCT_NAME = "$(TARGET_NAME)";
			};
			name = Release;
		};
		3486B14F1CACAB1E0044343C /* Debug */ = {
			isa = XCBuildConfiguration;
			buildSettings = {
				BUNDLE_LOADER = "$(TEST_HOST)";
				INFOPLIST_FILE = PodTestTests/Info.plist;
				LD_RUNPATH_SEARCH_PATHS = "$(inherited) @executable_path/Frameworks @loader_path/Frameworks";
				PRODUCT_BUNDLE_IDENTIFIER = com.lianjia.123.PodTestTests;
				PRODUCT_NAME = "$(TARGET_NAME)";
				TEST_HOST = "$(BUILT_PRODUCTS_DIR)/PodTest.app/PodTest";
			};
			name = Debug;
		};
		3486B1501CACAB1E0044343C /* Release */ = {
			isa = XCBuildConfiguration;
			buildSettings = {
				BUNDLE_LOADER = "$(TEST_HOST)";
				INFOPLIST_FILE = PodTestTests/Info.plist;
				LD_RUNPATH_SEARCH_PATHS = "$(inherited) @executable_path/Frameworks @loader_path/Frameworks";
				PRODUCT_BUNDLE_IDENTIFIER = com.lianjia.123.PodTestTests;
				PRODUCT_NAME = "$(TARGET_NAME)";
				TEST_HOST = "$(BUILT_PRODUCTS_DIR)/PodTest.app/PodTest";
			};
			name = Release;
		};
		3486B1521CACAB1E0044343C /* Debug */ = {
			isa = XCBuildConfiguration;
			buildSettings = {
				INFOPLIST_FILE = PodTestUITests/Info.plist;
				LD_RUNPATH_SEARCH_PATHS = "$(inherited) @executable_path/Frameworks @loader_path/Frameworks";
				PRODUCT_BUNDLE_IDENTIFIER = com.lianjia.123.PodTestUITests;
				PRODUCT_NAME = "$(TARGET_NAME)";
				TEST_TARGET_NAME = PodTest;
			};
			name = Debug;
		};
		3486B1531CACAB1E0044343C /* Release */ = {
			isa = XCBuildConfiguration;
			buildSettings = {
				INFOPLIST_FILE = PodTestUITests/Info.plist;
				LD_RUNPATH_SEARCH_PATHS = "$(inherited) @executable_path/Frameworks @loader_path/Frameworks";
				PRODUCT_BUNDLE_IDENTIFIER = com.lianjia.123.PodTestUITests;
				PRODUCT_NAME = "$(TARGET_NAME)";
				TEST_TARGET_NAME = PodTest;
			};
			name = Release;
		};
/* End XCBuildConfiguration section */

/* Begin XCConfigurationList section */
		3486B1191CACAB1E0044343C /* Build configuration list for PBXProject "PodTest" */ = {
			isa = XCConfigurationList;
			buildConfigurations = (
				3486B1491CACAB1E0044343C /* Debug */,
				3486B14A1CACAB1E0044343C /* Release */,
			);
			defaultConfigurationIsVisible = 0;
			defaultConfigurationName = Release;
		};
		3486B14B1CACAB1E0044343C /* Build configuration list for PBXNativeTarget "PodTest" */ = {
			isa = XCConfigurationList;
			buildConfigurations = (
				3486B14C1CACAB1E0044343C /* Debug */,
				3486B14D1CACAB1E0044343C /* Release */,
			);
			defaultConfigurationIsVisible = 0;
		};
		3486B14E1CACAB1E0044343C /* Build configuration list for PBXNativeTarget "PodTestTests" */ = {
			isa = XCConfigurationList;
			buildConfigurations = (
				3486B14F1CACAB1E0044343C /* Debug */,
				3486B1501CACAB1E0044343C /* Release */,
			);
			defaultConfigurationIsVisible = 0;
		};
		3486B1511CACAB1E0044343C /* Build configuration list for PBXNativeTarget "PodTestUITests" */ = {
			isa = XCConfigurationList;
			buildConfigurations = (
				3486B1521CACAB1E0044343C /* Debug */,
				3486B1531CACAB1E0044343C /* Release */,
			);
			defaultConfigurationIsVisible = 0;
		};
/* End XCConfigurationList section */
	};
	rootObject = 3486B1161CACAB1E0044343C /* Project object */;
}
